{
  "name": "text-to-voice",
  "version": "1.0.0",
  "lockfileVersion": 1,
  "requires": true,
  "dependencies": {
    "@alicloud/credentials": {
      "version": "2.2.3",
      "resolved": "https://registry.npmjs.org/@alicloud/credentials/-/credentials-2.2.3.tgz",
      "integrity": "sha512-h98BZimKCQ5xKiFCdWa2OMYaenEP6g5Fndm/l0zp8iuYWOShnvEwBPFmHyHmwpb60KwEJp0LILl1WiBTS+5a1w==",
      "requires": {
        "@alicloud/tea-typescript": "^1.5.3",
        "httpx": "^2.2.0",
        "ini": "^1.3.5",
        "kitx": "^2.0.0"
      }
    },
    "@alicloud/endpoint-util": {
      "version": "0.0.1",
      "resolved": "https://registry.npmjs.org/@alicloud/endpoint-util/-/endpoint-util-0.0.1.tgz",
      "integrity": "sha512-+pH7/KEXup84cHzIL6UJAaPqETvln4yXlD9JzlrqioyCSaWxbug5FUobsiI6fuUOpw5WwoB3fWAtGbFnJ1K3Yg==",
      "requires": {
        "@alicloud/tea-typescript": "^1.5.1",
        "kitx": "^2.0.0"
      }
    },
    "@alicloud/gateway-spi": {
      "version": "0.0.8",
      "resolved": "https://registry.npmjs.org/@alicloud/gateway-spi/-/gateway-spi-0.0.8.tgz",
      "integrity": "sha512-KM7fu5asjxZPmrz9sJGHJeSU+cNQNOxW+SFmgmAIrITui5hXL2LB+KNRuzWmlwPjnuA2X3/keq9h6++S9jcV5g==",
      "requires": {
        "@alicloud/credentials": "^2",
        "@alicloud/tea-typescript": "^1.7.1"
      }
    },
    "@alicloud/ocr-api20210707": {
      "version": "1.1.7",
      "resolved": "https://registry.npmjs.org/@alicloud/ocr-api20210707/-/ocr-api20210707-1.1.7.tgz",
      "integrity": "sha512-dQKbITHaa1IoNwRXapOLrE3PmKfU3naViO3P8p/HI7aSGi9i3wU8GQjqM7Q/ttVfCoGYClnWNd7xodiPjaui+A==",
      "requires": {
        "@alicloud/endpoint-util": "^0.0.1",
        "@alicloud/openapi-client": "^0.4.1",
        "@alicloud/openapi-util": "^0.2.9",
        "@alicloud/tea-typescript": "^1.7.1",
        "@alicloud/tea-util": "^1.4.0"
      }
    },
    "@alicloud/openapi-client": {
      "version": "0.4.1",
      "resolved": "https://registry.npmjs.org/@alicloud/openapi-client/-/openapi-client-0.4.1.tgz",
      "integrity": "sha512-FNGQ9kmGi0AuNFX9yj7DDbMn8CB4TvihIIQ3ONNhLZF8Hj2asau7NiqVoftJX3F/JFq9qzJWeVbvboSM9Zq5kA==",
      "requires": {
        "@alicloud/credentials": "^2",
        "@alicloud/gateway-spi": "^0.0.8",
        "@alicloud/openapi-util": "^0.2.7",
        "@alicloud/tea-typescript": "^1.7.1",
        "@alicloud/tea-util": "^1.4.0"
      }
    },
    "@alicloud/openapi-util": {
      "version": "0.2.9",
      "resolved": "https://registry.npmjs.org/@alicloud/openapi-util/-/openapi-util-0.2.9.tgz",
      "integrity": "sha512-GUEYtX3lDv+WaZoDFCb0h9aZ8+IlajnSAxSHjiITbNtjCpZbA/vfd7Z/ST9YaPoT34nGqDNKiQTjqpLhaKtYBw==",
      "requires": {
        "@alicloud/tea-typescript": "^1.7.1",
        "@alicloud/tea-util": "^1.3.0",
        "kitx": "^2.1.0",
        "sm3": "^1.0.3"
      }
    },
    "@alicloud/tea-typescript": {
      "version": "1.7.5",
      "resolved": "https://registry.npmjs.org/@alicloud/tea-typescript/-/tea-typescript-1.7.5.tgz",
      "integrity": "sha512-YyRMQaR+zURKBYkA+ckzS/m/5FH6x5P2oihCXLNZ6y0zmeRZPBfl8Rmr+mfPdCQA8ujkRDUn0zvj8M5kd7T0MQ==",
      "requires": {
        "@types/node": "^12.0.2",
        "httpx": "^2.2.6"
      }
    },
    "@alicloud/tea-util": {
      "version": "1.4.4",
      "resolved": "https://registry.npmjs.org/@alicloud/tea-util/-/tea-util-1.4.4.tgz",
      "integrity": "sha512-uD2lMmVMSdcmv2rHTzfp2eW4OkyFig/qwBClz3Vh65qd+j6d+bjwGI1M6AnqNg9gL0yhF1Kb2Um8ljA14w1SRw==",
      "requires": {
        "@alicloud/tea-typescript": "^1.5.1",
        "kitx": "^2.0.0"
      }
    },
    "@types/node": {
      "version": "12.20.55",
      "resolved": "https://registry.npmjs.org/@types/node/-/node-12.20.55.tgz",
      "integrity": "sha512-J8xLz7q2OFulZ2cyGTLE1TbbZcjpno7FaN6zdJNrgAdrJ+DZzh/uFR6YrTb4C+nXakvud8Q4+rbhoIWlYQbUFQ=="
    },
    "debug": {
      "version": "4.3.4",
      "resolved": "https://registry.npmjs.org/debug/-/debug-4.3.4.tgz",
      "integrity": "sha512-PRWFHuSU3eDtQJPvnNY7Jcket1j0t5OuOsFzPPzsekD52Zl8qUfFIPEiswXqIvHWGVHOgX+7G/vCNNhehwxfkQ==",
      "requires": {
        "ms": "2.1.2"
      }
    },
    "httpx": {
      "version": "2.2.7",
      "resolved": "https://registry.npmjs.org/httpx/-/httpx-2.2.7.tgz",
      "integrity": "sha512-Wjh2JOAah0pdczfqL8NC5378G7jMt0Zcpn8U+yyxAiejjlagzSTQgJHuVvka2VNPQlKfoGehYRc79WKq9E4gDw==",
      "requires": {
        "@types/node": "^14",
        "debug": "^4.1.1"
      },
      "dependencies": {
        "@types/node": {
          "version": "14.18.24",
          "resolved": "https://registry.npmjs.org/@types/node/-/node-14.18.24.tgz",
          "integrity": "sha512-aJdn8XErcSrfr7k8ZDDfU6/2OgjZcB2Fu9d+ESK8D7Oa5mtsv8Fa8GpcwTA0v60kuZBaalKPzuzun4Ov1YWO/w=="
        }
      }
    },
    "ini": {
      "version": "1.3.8",
      "resolved": "https://registry.npmjs.org/ini/-/ini-1.3.8.tgz",
      "integrity": "sha512-JV/yugV2uzW5iMRSiZAyDtQd+nxtUnjeLt0acNdw98kKLrvuRVyB80tsREOE7yvGVgalhZ6RNXCmEHkUKBKxew=="
    },
    "kitx": {
      "version": "2.1.0",
      "resolved": "https://registry.npmjs.org/kitx/-/kitx-2.1.0.tgz",
      "integrity": "sha512-C/5v9MtIX7aHGOjwn5BmrrbNkJSf7i0R5mRzmh13GSAdRqQ7bYQo/Su2pTYNylFicqKNTVX3HML9k1u8k51+pQ==",
      "requires": {
        "@types/node": "^12.0.2"
      }
    },
    "ms": {
      "version": "2.1.2",
      "resolved": "https://registry.npmjs.org/ms/-/ms-2.1.2.tgz",
      "integrity": "sha512-sGkPx+VjMtmA6MX27oA4FBFELFCZZ4S4XqeGOXCv68tT+jb3vk/RyaKWP0PTKyWtmLSM0b+adUTEvbs1PEaH2w=="
    },
    "sm3": {
      "version": "1.0.3",
      "resolved": "https://registry.npmjs.org/sm3/-/sm3-1.0.3.tgz",
      "integrity": "sha512-KyFkIfr8QBlFG3uc3NaljaXdYcsbRy1KrSfc4tsQV8jW68jAktGeOcifu530Vx/5LC+PULHT0Rv8LiI8Gw+c1g=="
    }
  }
}
